// !$*UTF8*$!
{
	archiveVersion = 1;
	classes = {
	};
	objectVersion = 46;
	objects = {

/* Begin PBXBuildFile section */
		A00BD8E41D0066FA0083C346 /* AppDelegate.swift in Sources */ = {isa = PBXBuildFile; fileRef = A00BD8E31D0066FA0083C346 /* AppDelegate.swift */; };
		A00BD8E61D0066FA0083C346 /* ViewController.swift in Sources */ = {isa = PBXBuildFile; fileRef = A00BD8E51D0066FA0083C346 /* ViewController.swift */; };
		A00BD8E91D0066FA0083C346 /* Main.storyboard in Resources */ = {isa = PBXBuildFile; fileRef = A00BD8E71D0066FA0083C346 /* Main.storyboard */; };
		A00BD8EB1D0066FA0083C346 /* Assets.xcassets in Resources */ = {isa = PBXBuildFile; fileRef = A00BD8EA1D0066FA0083C346 /* Assets.xcassets */; };
		A00BD8EE1D0066FA0083C346 /* LaunchScreen.storyboard in Resources */ = {isa = PBXBuildFile; fileRef = A00BD8EC1D0066FA0083C346 /* LaunchScreen.storyboard */; };
		A00BD8F91D0066FA0083C346 /* RockPaperSciTests.swift in Sources */ = {isa = PBXBuildFile; fileRef = A00BD8F81D0066FA0083C346 /* RockPaperSciTests.swift */; };
		A00BD9041D0066FA0083C346 /* RockPaperSciUITests.swift in Sources */ = {isa = PBXBuildFile; fileRef = A00BD9031D0066FA0083C346 /* RockPaperSciUITests.swift */; };
		A00BD9121D01D85C0083C346 /* ResultsViewController.swift in Sources */ = {isa = PBXBuildFile; fileRef = A00BD9111D01D85C0083C346 /* ResultsViewController.swift */; };
/* End PBXBuildFile section */

/* Begin PBXContainerItemProxy section */
		A00BD8F51D0066FA0083C346 /* PBXContainerItemProxy */ = {
			isa = PBXContainerItemProxy;
			containerPortal = A00BD8D81D0066FA0083C346 /* Project object */;
			proxyType = 1;
			remoteGlobalIDString = A00BD8DF1D0066FA0083C346;
			remoteInfo = RockPaperSci;
		};
		A00BD9001D0066FA0083C346 /* PBXContainerItemProxy */ = {
			isa = PBXContainerItemProxy;
			containerPortal = A00BD8D81D0066FA0083C346 /* Project object */;
			proxyType = 1;
			remoteGlobalIDString = A00BD8DF1D0066FA0083C346;
			remoteInfo = RockPaperSci;
		};
/* End PBXContainerItemProxy section */

/* Begin PBXFileReference section */
		A00BD8E01D0066FA0083C346 /* RockPaperSci.app */ = {isa = PBXFileReference; explicitFileType = wrapper.application; includeInIndex = 0; path = RockPaperSci.app; sourceTree = BUILT_PRODUCTS_DIR; };
		A00BD8E31D0066FA0083C346 /* AppDelegate.swift */ = {isa = PBXFileReference; lastKnownFileType = sourcecode.swift; path = AppDelegate.swift; sourceTree = "<group>"; };
		A00BD8E51D0066FA0083C346 /* ViewController.swift */ = {isa = PBXFileReference; lastKnownFileType = sourcecode.swift; path = ViewController.swift; sourceTree = "<group>"; };
		A00BD8E81D0066FA0083C346 /* Base */ = {isa = PBXFileReference; lastKnownFileType = file.storyboard; name = Base; path = Base.lproj/Main.storyboard; sourceTree = "<group>"; };
		A00BD8EA1D0066FA0083C346 /* Assets.xcassets */ = {isa = PBXFileReference; lastKnownFileType = folder.assetcatalog; path = Assets.xcassets; sourceTree = "<group>"; };
		A00BD8ED1D0066FA0083C346 /* Base */ = {isa = PBXFileReference; lastKnownFileType = file.storyboard; name = Base; path = Base.lproj/LaunchScreen.storyboard; sourceTree = "<group>"; };
		A00BD8EF1D0066FA0083C346 /* Info.plist */ = {isa = PBXFileReference; lastKnownFileType = text.plist.xml; path = Info.plist; sourceTree = "<group>"; };
		A00BD8F41D0066FA0083C346 /* RockPaperSciTests.xctest */ = {isa = PBXFileReference; explicitFileType = wrapper.cfbundle; includeInIndex = 0; path = RockPaperSciTests.xctest; sourceTree = BUILT_PRODUCTS_DIR; };
		A00BD8F81D0066FA0083C346 /* RockPaperSciTests.swift */ = {isa = PBXFileReference; lastKnownFileType = sourcecode.swift; path = RockPaperSciTests.swift; sourceTree = "<group>"; };
		A00BD8FA1D0066FA0083C346 /* Info.plist */ = {isa = PBXFileReference; lastKnownFileType = text.plist.xml; path = Info.plist; sourceTree = "<group>"; };
		A00BD8FF1D0066FA0083C346 /* RockPaperSciUITests.xctest */ = {isa = PBXFileReference; explicitFileType = wrapper.cfbundle; includeInIndex = 0; path = RockPaperSciUITests.xctest; sourceTree = BUILT_PRODUCTS_DIR; };
		A00BD9031D0066FA0083C346 /* RockPaperSciUITests.swift */ = {isa = PBXFileReference; lastKnownFileType = sourcecode.swift; path = RockPaperSciUITests.swift; sourceTree = "<group>"; };
		A00BD9051D0066FA0083C346 /* Info.plist */ = {isa = PBXFileReference; lastKnownFileType = text.plist.xml; path = Info.plist; sourceTree = "<group>"; };
		A00BD9111D01D85C0083C346 /* ResultsViewController.swift */ = {isa = PBXFileReference; fileEncoding = 4; lastKnownFileType = sourcecode.swift; path = ResultsViewController.swift; sourceTree = "<group>"; };
/* End PBXFileReference section */

/* Begin PBXFrameworksBuildPhase section */
		A00BD8DD1D0066FA0083C346 /* Frameworks */ = {
			isa = PBXFrameworksBuildPhase;
			buildActionMask = 2147483647;
			files = (
			);
			runOnlyForDeploymentPostprocessing = 0;
		};
		A00BD8F11D0066FA0083C346 /* Frameworks */ = {
			isa = PBXFrameworksBuildPhase;
			buildActionMask = 2147483647;
			files = (
			);
			runOnlyForDeploymentPostprocessing = 0;
		};
		A00BD8FC1D0066FA0083C346 /* Frameworks */ = {
			isa = PBXFrameworksBuildPhase;
			buildActionMask = 2147483647;
			files = (
			);
			runOnlyForDeploymentPostprocessing = 0;
		};
/* End PBXFrameworksBuildPhase section */

/* Begin PBXGroup section */
		A00BD8D71D0066FA0083C346 = {
			isa = PBXGroup;
			children = (
				A00BD8E21D0066FA0083C346 /* RockPaperSci */,
				A00BD8F71D0066FA0083C346 /* RockPaperSciTests */,
				A00BD9021D0066FA0083C346 /* RockPaperSciUITests */,
				A00BD8E11D0066FA0083C346 /* Products */,
			);
			sourceTree = "<group>";
		};
		A00BD8E11D0066FA0083C346 /* Products */ = {
			isa = PBXGroup;
			children = (
				A00BD8E01D0066FA0083C346 /* RockPaperSci.app */,
				A00BD8F41D0066FA0083C346 /* RockPaperSciTests.xctest */,
				A00BD8FF1D0066FA0083C346 /* RockPaperSciUITests.xctest */,
			);
			name = Products;
			sourceTree = "<group>";
		};
		A00BD8E21D0066FA0083C346 /* RockPaperSci */ = {
			isa = PBXGroup;
			children = (
				A00BD9111D01D85C0083C346 /* ResultsViewController.swift */,
				A00BD8E31D0066FA0083C346 /* AppDelegate.swift */,
				A00BD8E51D0066FA0083C346 /* ViewController.swift */,
				A00BD8E71D0066FA0083C346 /* Main.storyboard */,
				A00BD8EA1D0066FA0083C346 /* Assets.xcassets */,
				A00BD8EC1D0066FA0083C346 /* LaunchScreen.storyboard */,
				A00BD8EF1D0066FA0083C346 /* Info.plist */,
			);
			path = RockPaperSci;
			sourceTree = "<group>";
		};
		A00BD8F71D0066FA0083C346 /* RockPaperSciTests */ = {
			isa = PBXGroup;
			children = (
				A00BD8F81D0066FA0083C346 /* RockPaperSciTests.swift */,
				A00BD8FA1D0066FA0083C346 /* Info.plist */,
			);
			path = RockPaperSciTests;
			sourceTree = "<group>";
		};
		A00BD9021D0066FA0083C346 /* RockPaperSciUITests */ = {
			isa = PBXGroup;
			children = (
				A00BD9031D0066FA0083C346 /* RockPaperSciUITests.swift */,
				A00BD9051D0066FA0083C346 /* Info.plist */,
			);
			path = RockPaperSciUITests;
			sourceTree = "<group>";
		};
/* End PBXGroup section */

/* Begin PBXNativeTarget section */
		A00BD8DF1D0066FA0083C346 /* RockPaperSci */ = {
			isa = PBXNativeTarget;
			buildConfigurationList = A00BD9081D0066FA0083C346 /* Build configuration list for PBXNativeTarget "RockPaperSci" */;
			buildPhases = (
				A00BD8DC1D0066FA0083C346 /* Sources */,
				A00BD8DD1D0066FA0083C346 /* Frameworks */,
				A00BD8DE1D0066FA0083C346 /* Resources */,
			);
			buildRules = (
			);
			dependencies = (
			);
			name = RockPaperSci;
			productName = RockPaperSci;
			productReference = A00BD8E01D0066FA0083C346 /* RockPaperSci.app */;
			productType = "com.apple.product-type.application";
		};
		A00BD8F31D0066FA0083C346 /* RockPaperSciTests */ = {
			isa = PBXNativeTarget;
			buildConfigurationList = A00BD90B1D0066FA0083C346 /* Build configuration list for PBXNativeTarget "RockPaperSciTests" */;
			buildPhases = (
				A00BD8F01D0066FA0083C346 /* Sources */,
				A00BD8F11D0066FA0083C346 /* Frameworks */,
				A00BD8F21D0066FA0083C346 /* Resources */,
			);
			buildRules = (
			);
			dependencies = (
				A00BD8F61D0066FA0083C346 /* PBXTargetDependency */,
			);
			name = RockPaperSciTests;
			productName = RockPaperSciTests;
			productReference = A00BD8F41D0066FA0083C346 /* RockPaperSciTests.xctest */;
			productType = "com.apple.product-type.bundle.unit-test";
		};
		A00BD8FE1D0066FA0083C346 /* RockPaperSciUITests */ = {
			isa = PBXNativeTarget;
			buildConfigurationList = A00BD90E1D0066FA0083C346 /* Build configuration list for PBXNativeTarget "RockPaperSciUITests" */;
			buildPhases = (
				A00BD8FB1D0066FA0083C346 /* Sources */,
				A00BD8FC1D0066FA0083C346 /* Frameworks */,
				A00BD8FD1D0066FA0083C346 /* Resources */,
			);
			buildRules = (
			);
			dependencies = (
				A00BD9011D0066FA0083C346 /* PBXTargetDependency */,
			);
			name = RockPaperSciUITests;
			productName = RockPaperSciUITests;
			productReference = A00BD8FF1D0066FA0083C346 /* RockPaperSciUITests.xctest */;
			productType = "com.apple.product-type.bundle.ui-testing";
		};
/* End PBXNativeTarget section */

/* Begin PBXProject section */
		A00BD8D81D0066FA0083C346 /* Project object */ = {
			isa = PBXProject;
			attributes = {
				LastSwiftUpdateCheck = 0730;
				LastUpgradeCheck = 0730;
				ORGANIZATIONNAME = "Raghav Rastogi";
				TargetAttributes = {
					A00BD8DF1D0066FA0083C346 = {
						CreatedOnToolsVersion = 7.3.1;
						DevelopmentTeam = 9X458K4B45;
					};
					A00BD8F31D0066FA0083C346 = {
						CreatedOnToolsVersion = 7.3.1;
						TestTargetID = A00BD8DF1D0066FA0083C346;
					};
					A00BD8FE1D0066FA0083C346 = {
						CreatedOnToolsVersion = 7.3.1;
						TestTargetID = A00BD8DF1D0066FA0083C346;
					};
				};
			};
			buildConfigurationList = A00BD8DB1D0066FA0083C346 /* Build configuration list for PBXProject "RockPaperSci" */;
			compatibilityVersion = "Xcode 3.2";
			developmentRegion = English;
			hasScannedForEncodings = 0;
			knownRegions = (
				en,
				Base,
			);
			mainGroup = A00BD8D71D0066FA0083C346;
			productRefGroup = A00BD8E11D0066FA0083C346 /* Products */;
			projectDirPath = "";
			projectRoot = "";
			targets = (
				A00BD8DF1D0066FA0083C346 /* RockPaperSci */,
				A00BD8F31D0066FA0083C346 /* RockPaperSciTests */,
				A00BD8FE1D0066FA0083C346 /* RockPaperSciUITests */,
			);
		};
/* End PBXProject section */

/* Begin PBXResourcesBuildPhase section */
		A00BD8DE1D0066FA0083C346 /* Resources */ = {
			isa = PBXResourcesBuildPhase;
			buildActionMask = 2147483647;
			files = (
				A00BD8EE1D0066FA0083C346 /* LaunchScreen.storyboard in Resources */,
				A00BD8EB1D0066FA0083C346 /* Assets.xcassets in Resources */,
				A00BD8E91D0066FA0083C346 /* Main.storyboard in Resources */,
			);
			runOnlyForDeploymentPostprocessing = 0;
		};
		A00BD8F21D0066FA0083C346 /* Resources */ = {
			isa = PBXResourcesBuildPhase;
			buildActionMask = 2147483647;
			files = (
			);
			runOnlyForDeploymentPostprocessing = 0;
		};
		A00BD8FD1D0066FA0083C346 /* Resources */ = {
			isa = PBXResourcesBuildPhase;
			buildActionMask = 2147483647;
			files = (
			);
			runOnlyForDeploymentPostprocessing = 0;
		};
/* End PBXResourcesBuildPhase section */

/* Begin PBXSourcesBuildPhase section */
		A00BD8DC1D0066FA0083C346 /* Sources */ = {
			isa = PBXSourcesBuildPhase;
			buildActionMask = 2147483647;
			files = (
				A00BD8E61D0066FA0083C346 /* ViewController.swift in Sources */,
				A00BD8E41D0066FA0083C346 /* AppDelegate.swift in Sources */,
				A00BD9121D01D85C0083C346 /* ResultsViewController.swift in Sources */,
			);
			runOnlyForDeploymentPostprocessing = 0;
		};
		A00BD8F01D0066FA0083C346 /* Sources */ = {
			isa = PBXSourcesBuildPhase;
			buildActionMask = 2147483647;
			files = (
				A00BD8F91D0066FA0083C346 /* RockPaperSciTests.swift in Sources */,
			);
			runOnlyForDeploymentPostprocessing = 0;
		};
		A00BD8FB1D0066FA0083C346 /* Sources */ = {
			isa = PBXSourcesBuildPhase;
			buildActionMask = 2147483647;
			files = (
				A00BD9041D0066FA0083C346 /* RockPaperSciUITests.swift in Sources */,
			);
			runOnlyForDeploymentPostprocessing = 0;
		};
/* End PBXSourcesBuildPhase section */

/* Begin PBXTargetDependency section */
		A00BD8F61D0066FA0083C346 /* PBXTargetDependency */ = {
			isa = PBXTargetDependency;
			target = A00BD8DF1D0066FA0083C346 /* RockPaperSci */;
			targetProxy = A00BD8F51D0066FA0083C346 /* PBXContainerItemProxy */;
		};
		A00BD9011D0066FA0083C346 /* PBXTargetDependency */ = {
			isa = PBXTargetDependency;
			target = A00BD8DF1D0066FA0083C346 /* RockPaperSci */;
			targetProxy = A00BD9001D0066FA0083C346 /* PBXContainerItemProxy */;
		};
/* End PBXTargetDependency section */

/* Begin PBXVariantGroup section */
		A00BD8E71D0066FA0083C346 /* Main.storyboard */ = {
			isa = PBXVariantGroup;
			children = (
				A00BD8E81D0066FA0083C346 /* Base */,
			);
			name = Main.storyboard;
			sourceTree = "<group>";
		};
		A00BD8EC1D0066FA0083C346 /* LaunchScreen.storyboard */ = {
			isa = PBXVariantGroup;
			children = (
				A00BD8ED1D0066FA0083C346 /* Base */,
			);
			name = LaunchScreen.storyboard;
			sourceTree = "<group>";
		};
/* End PBXVariantGroup section */

/* Begin XCBuildConfiguration section */
		A00BD9061D0066FA0083C346 /* Debug */ = {
			isa = XCBuildConfiguration;
			buildSettings = {
				ALWAYS_SEARCH_USER_PATHS = NO;
				CLANG_ANALYZER_NONNULL = YES;
				CLANG_CXX_LANGUAGE_STANDARD = "gnu++0x";
				CLANG_CXX_LIBRARY = "libc++";
				CLANG_ENABLE_MODULES = YES;
				CLANG_ENABLE_OBJC_ARC = YES;
				CLANG_WARN_BOOL_CONVERSION = YES;
				CLANG_WARN_CONSTANT_CONVERSION = YES;
				CLANG_WARN_DIRECT_OBJC_ISA_USAGE = YES_ERROR;
				CLANG_WARN_EMPTY_BODY = YES;
				CLANG_WARN_ENUM_CONVERSION = YES;
				CLANG_WARN_INT_CONVERSION = YES;
				CLANG_WARN_OBJC_ROOT_CLASS = YES_ERROR;
				CLANG_WARN_UNREACHABLE_CODE = YES;
				CLANG_WARN__DUPLICATE_METHOD_MATCH = YES;
				"CODE_SIGN_IDENTITY[sdk=iphoneos*]" = "iPhone Developer";
				COPY_PHASE_STRIP = NO;
				DEBUG_INFORMATION_FORMAT = dwarf;
				ENABLE_STRICT_OBJC_MSGSEND = YES;
				ENABLE_TESTABILITY = YES;
				GCC_C_LANGUAGE_STANDARD = gnu99;
				GCC_DYNAMIC_NO_PIC = NO;
				GCC_NO_COMMON_BLOCKS = YES;
				GCC_OPTIMIZATION_LEVEL = 0;
				GCC_PREPROCESSOR_DEFINITIONS = (
					"DEBUG=1",
					"$(inherited)",
				);
				GCC_WARN_64_TO_32_BIT_CONVERSION = YES;
				GCC_WARN_ABOUT_RETURN_TYPE = YES_ERROR;
				GCC_WARN_UNDECLARED_SELECTOR = YES;
				GCC_WARN_UNINITIALIZED_AUTOS = YES_AGGRESSIVE;
				GCC_WARN_UNUSED_FUNCTION = YES;
				GCC_WARN_UNUSED_VARIABLE = YES;
				IPHONEOS_DEPLOYMENT_TARGET = 9.3;
				MTL_ENABLE_DEBUG_INFO = YES;
				ONLY_ACTIVE_ARCH = YES;
				SDKROOT = iphoneos;
				SWIFT_OPTIMIZATION_LEVEL = "-Onone";
				TARGETED_DEVICE_FAMILY = "1,2";
			};
			name = Debug;
		};
		A00BD9071D0066FA0083C346 /* Release */ = {
			isa = XCBuildConfiguration;
			buildSettings = {
				ALWAYS_SEARCH_USER_PATHS = NO;
				CLANG_ANALYZER_NONNULL = YES;
				CLANG_CXX_LANGUAGE_STANDARD = "gnu++0x";
				CLANG_CXX_LIBRARY = "libc++";
				CLANG_ENABLE_MODULES = YES;
				CLANG_ENABLE_OBJC_ARC = YES;
				CLANG_WARN_BOOL_CONVERSION = YES;
				CLANG_WARN_CONSTANT_CONVERSION = YES;
				CLANG_WARN_DIRECT_OBJC_ISA_USAGE = YES_ERROR;
				CLANG_WARN_EMPTY_BODY = YES;
				CLANG_WARN_ENUM_CONVERSION = YES;
				CLANG_WARN_INT_CONVERSION = YES;
				CLANG_WARN_OBJC_ROOT_CLASS = YES_ERROR;
				CLANG_WARN_UNREACHABLE_CODE = YES;
				CLANG_WARN__DUPLICATE_METHOD_MATCH = YES;
				"CODE_SIGN_IDENTITY[sdk=iphoneos*]" = "iPhone Developer";
				COPY_PHASE_STRIP = NO;
				DEBUG_INFORMATION_FORMAT = "dwarf-with-dsym";
				ENABLE_NS_ASSERTIONS = NO;
				ENABLE_STRICT_OBJC_MSGSEND = YES;
				GCC_C_LANGUAGE_STANDARD = gnu99;
				GCC_NO_COMMON_BLOCKS = YES;
				GCC_WARN_64_TO_32_BIT_CONVERSION = YES;
				GCC_WARN_ABOUT_RETURN_TYPE = YES_ERROR;
				GCC_WARN_UNDECLARED_SELECTOR = YES;
				GCC_WARN_UNINITIALIZED_AUTOS = YES_AGGRESSIVE;
				GCC_WARN_UNUSED_FUNCTION = YES;
				GCC_WARN_UNUSED_VARIABLE = YES;
				IPHONEOS_DEPLOYMENT_TARGET = 9.3;
				MTL_ENABLE_DEBUG_INFO = NO;
				SDKROOT = iphoneos;
				TARGETED_DEVICE_FAMILY = "1,2";
				VALIDATE_PRODUCT = YES;
			};
			name = Release;
		};
		A00BD9091D0066FA0083C346 /* Debug */ = {
			isa = XCBuildConfiguration;
			buildSettings = {
				ASSETCATALOG_COMPILER_APPICON_NAME = AppIcon;
				CODE_SIGN_IDENTITY = "iPhone Developer";
				"CODE_SIGN_IDENTITY[sdk=iphoneos*]" = "iPhone Developer";
				INFOPLIST_FILE = RockPaperSci/Info.plist;
				LD_RUNPATH_SEARCH_PATHS = "$(inherited) @executable_path/Frameworks";
				PRODUCT_BUNDLE_IDENTIFIER = com.raghav.RockPaperSci;
				PRODUCT_NAME = "$(TARGET_NAME)";
				PROVISIONING_PROFILE = "";
			};
			name = Debug;
		};
		A00BD90A1D0066FA0083C346 /* Release */ = {
			isa = XCBuildConfiguration;
			buildSettings = {
				ASSETCATALOG_COMPILER_APPICON_NAME = AppIcon;
				CODE_SIGN_IDENTITY = "iPhone Developer";
				"CODE_SIGN_IDENTITY[sdk=iphoneos*]" = "iPhone Developer";
				INFOPLIST_FILE = RockPaperSci/Info.plist;
				LD_RUNPATH_SEARCH_PATHS = "$(inherited) @executable_path/Frameworks";
				PRODUCT_BUNDLE_IDENTIFIER = com.raghav.RockPaperSci;
				PRODUCT_NAME = "$(TARGET_NAME)";
				PROVISIONING_PROFILE = "";
			};
			name = Release;
		};
		A00BD90C1D0066FA0083C346 /* Debug */ = {
			isa = XCBuildConfiguration;
			buildSettings = {
				BUNDLE_LOADER = "$(TEST_HOST)";
				INFOPLIST_FILE = RockPaperSciTests/Info.plist;
				LD_RUNPATH_SEARCH_PATHS = "$(inherited) @executable_path/Frameworks @loader_path/Frameworks";
				PRODUCT_BUNDLE_IDENTIFIER = com.raghav.RockPaperSciTests;
				PRODUCT_NAME = "$(TARGET_NAME)";
				TEST_HOST = "$(BUILT_PRODUCTS_DIR)/RockPaperSci.app/RockPaperSci";
			};
			name = Debug;
		};
		A00BD90D1D0066FA0083C346 /* Release */ = {
			isa = XCBuildConfiguration;
			buildSettings = {
				BUNDLE_LOADER = "$(TEST_HOST)";
				INFOPLIST_FILE = RockPaperSciTests/Info.plist;
				LD_RUNPATH_SEARCH_PATHS = "$(inherited) @executable_path/Frameworks @loader_path/Frameworks";
				PRODUCT_BUNDLE_IDENTIFIER = com.raghav.RockPaperSciTests;
				PRODUCT_NAME = "$(TARGET_NAME)";
				TEST_HOST = "$(BUILT_PRODUCTS_DIR)/RockPaperSci.app/RockPaperSci";
			};
			name = Release;
		};
		A00BD90F1D0066FA0083C346 /* Debug */ = {
			isa = XCBuildConfiguration;
			buildSettings = {
				INFOPLIST_FILE = RockPaperSciUITests/Info.plist;
				LD_RUNPATH_SEARCH_PATHS = "$(inherited) @executable_path/Frameworks @loader_path/Frameworks";
				PRODUCT_BUNDLE_IDENTIFIER = com.raghav.RockPaperSciUITests;
				PRODUCT_NAME = "$(TARGET_NAME)";
				TEST_TARGET_NAME = RockPaperSci;
			};
			name = Debug;
		};
		A00BD9101D0066FA0083C346 /* Release */ = {
			isa = XCBuildConfiguration;
			buildSettings = {
				INFOPLIST_FILE = RockPaperSciUITests/Info.plist;
				LD_RUNPATH_SEARCH_PATHS = "$(inherited) @executable_path/Frameworks @loader_path/Frameworks";
				PRODUCT_BUNDLE_IDENTIFIER = com.raghav.RockPaperSciUITests;
				PRODUCT_NAME = "$(TARGET_NAME)";
				TEST_TARGET_NAME = RockPaperSci;
			};
			name = Release;
		};
/* End XCBuildConfiguration section */

/* Begin XCConfigurationList section */
		A00BD8DB1D0066FA0083C346 /* Build configuration list for PBXProject "RockPaperSci" */ = {
			isa = XCConfigurationList;
			buildConfigurations = (
				A00BD9061D0066FA0083C346 /* Debug */,
				A00BD9071D0066FA0083C346 /* Release */,
			);
			defaultConfigurationIsVisible = 0;
			defaultConfigurationName = Release;
		};
		A00BD9081D0066FA0083C346 /* Build configuration list for PBXNativeTarget "RockPaperSci" */ = {
			isa = XCConfigurationList;
			buildConfigurations = (
				A00BD9091D0066FA0083C346 /* Debug */,
				A00BD90A1D0066FA0083C346 /* Release */,
			);
			defaultConfigurationIsVisible = 0;
		};
		A00BD90B1D0066FA0083C346 /* Build configuration list for PBXNativeTarget "RockPaperSciTests" */ = {
			isa = XCConfigurationList;
			buildConfigurations = (
				A00BD90C1D0066FA0083C346 /* Debug */,
				A00BD90D1D0066FA0083C346 /* Release */,
			);
			defaultConfigurationIsVisible = 0;
		};
		A00BD90E1D0066FA0083C346 /* Build configuration list for PBXNativeTarget "RockPaperSciUITests" */ = {
			isa = XCConfigurationList;
			buildConfigurations = (
				A00BD90F1D0066FA0083C346 /* Debug */,
				A00BD9101D0066FA0083C346 /* Release */,
			);
			defaultConfigurationIsVisible = 0;
		};
/* End XCConfigurationList section */
	};
	rootObject = A00BD8D81D0066FA0083C346 /* Project object */;
}
